{
    "hash": "070a321081580f47da56916036ae9c79",
    "packages": [
        {
            "name": "facebook/php-sdk",
            "version": "dev-master",
            "source": {
                "type": "git",
                "url": "https://github.com/facebook/facebook-php-sdk.git",
                "reference": "v3.2.2"
            },
            "dist": {
                "type": "zip",
                "url": "https://api.github.com/repos/facebook/facebook-php-sdk/zipball/v3.2.2",
                "reference": "v3.2.2",
                "shasum": ""
            },
            "require": {
                "ext-curl": "*",
                "ext-json": "*",
                "php": ">=5.2.0"
            },
            "type": "library",
            "autoload": {
                "classmap": [
                    "src"
                ]
            },
            "notification-url": "https://packagist.org/downloads/",
            "license": [
                "Apache2"
            ],
            "authors": [
                {
                    "name": "Facebook",
                    "homepage": "https://github.com/facebook/facebook-php-sdk/contributors"
                }
            ],
            "description": "Facebook PHP SDK",
            "homepage": "https://github.com/facebook/facebook-php-sdk",
            "keywords": [
                "facebook",
                "sdk"
            ],
            "time": "2013-01-15 21:37:15"
        },
        {
            "name": "kdyby/forms-replicator",
            "version": "dev-master",
            "source": {
                "type": "git",
                "url": "https://github.com/Kdyby/Replicator.git",
                "reference": "f697603803b47b154b8a99ebe2a9a4274e9f4ed8"
            },
            "dist": {
                "type": "zip",
                "url": "https://api.github.com/repos/Kdyby/Replicator/zipball/f697603803b47b154b8a99ebe2a9a4274e9f4ed8",
                "reference": "f697603803b47b154b8a99ebe2a9a4274e9f4ed8",
                "shasum": ""
            },
            "require": {
                "nette/nette": "@dev"
            },
            "require-dev": {
                "nette/tester": "@dev"
            },
            "type": "library",
            "autoload": {
                "psr-0": {
                    "Kdyby\\Replicator\\": "src/"
                }
            },
            "notification-url": "https://packagist.org/downloads/",
            "license": [
                "BSD-3-Clause",
                "GPL-2.0",
                "GPL-3.0"
            ],
            "authors": [
                {
                    "name": "Filip Procházka",
                    "homepage": "http://filip-prochazka.com"
                }
            ],
            "description": "Nette forms container replicator aka addDynamic",
            "homepage": "http://kdyby.org",
            "keywords": [
                "Forms",
                "addDynamic",
                "kdyby",
                "nette",
                "replicator"
            ],
            "time": "2013-03-24 15:02:25"
        },
        {
            "name": "kriswallsmith/buzz",
            "version": "dev-master",
            "source": {
                "type": "git",
                "url": "https://github.com/kriswallsmith/Buzz.git",
                "reference": "309e674e87bca0850bd0ec17226ff9beb86d7651"
            },
            "dist": {
                "type": "zip",
                "url": "https://api.github.com/repos/kriswallsmith/Buzz/zipball/309e674e87bca0850bd0ec17226ff9beb86d7651",
                "reference": "309e674e87bca0850bd0ec17226ff9beb86d7651",
                "shasum": ""
            },
            "require": {
                "php": ">=5.3.0"
            },
            "require-dev": {
                "phpunit/phpunit": "3.7.*"
            },
            "suggest": {
                "ext-curl": "*"
            },
            "type": "library",
            "autoload": {
                "psr-0": {
                    "Buzz": "lib/"
                }
            },
            "notification-url": "https://packagist.org/downloads/",
            "license": [
                "MIT"
            ],
            "authors": [
                {
                    "name": "Kris Wallsmith",
                    "email": "kris.wallsmith@gmail.com",
                    "homepage": "http://kriswallsmith.net/"
                }
            ],
            "description": "Lightweight HTTP client",
            "homepage": "https://github.com/kriswallsmith/Buzz",
            "keywords": [
                "curl",
                "http client"
            ],
            "time": "2013-03-29 13:04:03"
        },
        {
            "name": "michelf/php-markdown",
            "version": "dev-lib",
            "source": {
                "type": "git",
                "url": "https://github.com/michelf/php-markdown.git",
                "reference": "1.3-beta5"
            },
            "dist": {
                "type": "zip",
                "url": "https://api.github.com/repos/michelf/php-markdown/zipball/1.3-beta5",
                "reference": "1.3-beta5",
                "shasum": ""
            },
            "require": {
                "php": ">=5.3.0"
            },
            "type": "library",
            "extra": {
                "branch-alias": {
                    "dev-lib": "1.3.x-dev"
                }
            },
            "autoload": {
                "psr-0": {
                    "Michelf": ""
                }
            },
            "notification-url": "https://packagist.org/downloads/",
            "license": [
                "BSD-3-Clause"
            ],
            "authors": [
                {
                    "name": "Michel Fortin",
                    "email": "michel.fortin@michelf.ca",
                    "homepage": "http://michelf.ca/",
                    "role": "Developer"
                },
                {
                    "name": "John Gruber",
                    "homepage": "http://daringfireball.net/"
                }
            ],
            "description": "PHP Markdown",
            "homepage": "http://michelf.ca/projects/php-markdown/",
            "keywords": [
                "markdown"
            ],
            "time": "2013-02-03 21:14:12"
        },
        {
            "name": "mikulas/gitcommit",
            "version": "dev-master",
            "source": {
                "type": "git",
                "url": "https://github.com/Mikulas/php-git-grabber.git",
                "reference": "ded23578b8d206b2cc184b1be8405b037a3763ab"
            },
            "dist": {
                "type": "zip",
                "url": "https://api.github.com/repos/Mikulas/php-git-grabber/zipball/ded23578b8d206b2cc184b1be8405b037a3763ab",
                "reference": "ded23578b8d206b2cc184b1be8405b037a3763ab",
                "shasum": ""
            },
            "require": {
                "php": ">=5.2.0"
            },
            "type": "library",
            "autoload": {
                "files": [
                    "Git.php"
                ]
            },
            "notification-url": "https://packagist.org/downloads/",
            "license": [
                "BSD-3"
            ],
            "authors": [
                {
                    "name": "Mikulas Dite"
                }
            ],
            "description": "git commit grabber",
            "time": "2013-03-29 16:04:38"
        },
        {
            "name": "nesQuick/Metrics",
            "version": "dev-master",
            "source": {
                "type": "git",
                "url": "https://github.com/nesQuick/PHP-Metrics-Client",
                "reference": "a612705a2e9887ee757cd23ed61251c27836abf0"
            },
            "dist": {
                "type": "zip",
                "url": "https://github.com/nesQuick/PHP-Metrics-Client/archive/a612705a2e9887ee757cd23ed61251c27836abf0.zip",
                "reference": "a612705a2e9887ee757cd23ed61251c27836abf0",
                "shasum": ""
            },
            "require": {
                "kriswallsmith/buzz": "dev-master",
                "php": ">=5.3"
            },
            "type": "library",
            "autoload": {
                "psr-0": {
                    "Metrics": "src/"
                }
            },
            "notification-url": "https://packagist.org/downloads/",
            "license": [
                "MIT"
            ],
            "authors": [
                {
                    "name": "Ole 'nesQuick' Michaelis",
                    "email": "ole.michaelis@googlemail.com",
                    "homepage": "http://www.codestars.eu"
                }
            ],
            "description": "PHP Client for Librato Metrics APIs.",
            "keywords": [
                "Metrics",
                "api",
                "client"
            ],
            "time": "2012-05-15 08:35:21"
        },
        {
            "name": "nette/nette",
            "version": "dev-master",
            "source": {
                "type": "git",
                "url": "https://github.com/nette/nette.git",
                "reference": "11bc3797ba357429a8c9bfcdd6bc2caf7db94055"
            },
            "dist": {
                "type": "zip",
                "url": "https://api.github.com/repos/nette/nette/zipball/11bc3797ba357429a8c9bfcdd6bc2caf7db94055",
                "reference": "11bc3797ba357429a8c9bfcdd6bc2caf7db94055",
                "shasum": ""
            },
            "require": {
                "ext-iconv": "*",
                "ext-tokenizer": "*",
                "php": ">=5.3.0"
            },
            "require-dev": {
                "nette/tester": "@dev"
            },
            "suggest": {
                "ext-fileinfo": "*",
                "ext-gd": "*",
                "ext-mbstring": "*",
                "ext-memcache": "*",
                "ext-pdo": "*"
            },
            "type": "library",
            "extra": {
                "branch-alias": {
                    "dev-master": "2.1-dev"
                }
            },
            "autoload": {
                "files": [
                    "Nette/loader.php"
                ]
            },
            "notification-url": "https://packagist.org/downloads/",
            "license": [
                "BSD-3-Clause",
                "GPL-2.0",
                "GPL-3.0"
            ],
            "authors": [
                {
                    "name": "David Grudl",
                    "homepage": "http://davidgrudl.com"
                },
                {
                    "name": "Nette Community",
                    "homepage": "http://nette.org/contributors"
                }
            ],
            "description": "Nette Framework - innovative framework for fast and easy development of secured web applications in PHP. Write less, have cleaner code and your work will bring you joy.",
            "homepage": "http://nette.org",
            "keywords": [
                "Forms",
                "database",
                "dbal",
                "debugging",
                "framework",
                "images",
                "latte",
                "mailing",
                "micro",
                "mvc",
                "neon",
                "templating"
            ],
            "time": "2013-03-29 17:22:48"
        },
        {
            "name": "sunra/php-simple-html-dom-parser",
            "version": "dev-master",
            "source": {
                "type": "git",
                "url": "https://github.com/sunra/php-simple-html-dom-parser",
                "reference": "0a639c1ccd47a4fe2dffc8c2565ef95b922941ec"
            },
            "dist": {
                "type": "zip",
                "url": "https://github.com/sunra/php-simple-html-dom-parser/archive/0a639c1ccd47a4fe2dffc8c2565ef95b922941ec.zip",
                "reference": "0a639c1ccd47a4fe2dffc8c2565ef95b922941ec",
                "shasum": ""
            },
            "require": {
                "php": ">=5.3.2"
            },
            "type": "library",
            "autoload": {
                "psr-0": {
                    "Sunra\\PhpSimple\\HtmlDomParser": "Src/"
                }
            },
            "notification-url": "https://packagist.org/downloads/",
            "license": [
                "MIT"
            ],
            "authors": [
                {
                    "name": "Sunra",
                    "email": "sunra@yandex.ru",
                    "homepage": "https://github.com/sunra"
                }
            ],
            "description": "Composer adaptation of: A HTML DOM parser written in PHP5+ let you manipulate HTML in a very easy way! Require PHP 5+. Supports invalid HTML. Find tags on an HTML page with selectors just like jQuery. Extract contents from HTML in a single line.",
            "homepage": "https://github.com/sunra/php-simple-html-dom-parser",
            "keywords": [
                "dom",
                "html",
                "parser"
            ],
            "time": "2013-01-08 03:33:40"
        }
    ],
    "packages-dev": [
        {
            "name": "ccampbell/chromephp",
            "version": "dev-master",
            "source": {
                "type": "git",
                "url": "https://github.com/ccampbell/chromephp.git",
                "reference": "1886dcc61ee03bcdff60247efac9b06576a249d5"
            },
            "dist": {
                "type": "zip",
                "url": "https://api.github.com/repos/ccampbell/chromephp/zipball/1886dcc61ee03bcdff60247efac9b06576a249d5",
                "reference": "1886dcc61ee03bcdff60247efac9b06576a249d5",
                "shasum": ""
            },
            "require": {
                "php": ">=5.0.0"
            },
            "type": "library",
            "autoload": {
                "psr-0": {
                    "ChromePhp": ""
                }
            },
            "notification-url": "https://packagist.org/downloads/",
            "license": [
                "Apache-2.0"
            ],
            "authors": [
                {
                    "name": "Craig Campbell",
                    "email": "iamcraigcampbell@gmail.com",
                    "homepage": "http://craig.is",
                    "role": "Developer"
                }
            ],
            "description": "Log variables to the Chrome console (via ChromePhp Google Chrome extension).",
            "homepage": "http://chromephp.com/",
            "keywords": [
                "log",
                "logging"
            ],
            "time": "2013-01-22 00:46:26"
        },
        {
            "name": "fzaninotto/faker",
            "version": "dev-master",
            "source": {
                "type": "git",
                "url": "https://github.com/fzaninotto/Faker.git",
                "reference": "a1fd779b525c6a7669c136d23ca9c8130e4441b8"
            },
            "dist": {
                "type": "zip",
                "url": "https://api.github.com/repos/fzaninotto/Faker/zipball/a1fd779b525c6a7669c136d23ca9c8130e4441b8",
                "reference": "a1fd779b525c6a7669c136d23ca9c8130e4441b8",
                "shasum": ""
            },
            "require": {
                "php": ">=5.3.3"
            },
            "type": "library",
            "extra": {
                "branch-alias": {
                    "dev-master": "1.1.x-dev"
                }
            },
            "autoload": {
                "psr-0": {
                    "Faker": "src/"
                }
            },
            "notification-url": "https://packagist.org/downloads/",
            "license": [
                "MIT"
            ],
            "authors": [
                {
                    "name": "François Zaninotto"
                }
            ],
            "description": "Faker is a PHP library that generates fake data for you.",
            "keywords": [
                "data",
                "faker",
                "fixtures"
            ],
            "time": "2013-03-04 17:05:06"
        },
        {
            "name": "nette/tester",
            "version": "dev-master",
            "source": {
                "type": "git",
                "url": "https://github.com/nette/tester.git",
                "reference": "9f56ab9a1831273b9d5f66d0304d2daaf2622450"
            },
            "dist": {
                "type": "zip",
                "url": "https://api.github.com/repos/nette/tester/zipball/9f56ab9a1831273b9d5f66d0304d2daaf2622450",
                "reference": "9f56ab9a1831273b9d5f66d0304d2daaf2622450",
                "shasum": ""
            },
            "require": {
                "php": ">=5.3.0"
            },
            "bin": [
                "Tester/tester"
            ],
            "type": "library",
            "autoload": {
                "classmap": [
                    "Tester/"
                ]
            },
            "notification-url": "https://packagist.org/downloads/",
            "license": [
                "BSD-3-Clause",
                "GPL-2.0",
                "GPL-3.0"
            ],
            "authors": [
                {
                    "name": "David Grudl",
                    "homepage": "http://davidgrudl.com"
                },
                {
                    "name": "Nette Community",
                    "homepage": "http://nette.org/contributors"
                }
            ],
            "description": "An easy-to-use PHP Unit Testing framework.",
            "homepage": "http://nette.org",
            "keywords": [
                "nette",
                "testing",
                "unit"
            ],
            "time": "2013-03-29 13:18:49"
        }
    ],
    "aliases": [

    ],
    "minimum-stability": "dev",
    "stability-flags": {
        "nette/nette": 20,
        "facebook/php-sdk": 20,
        "michelf/php-markdown": 20,
        "sunra/php-simple-html-dom-parser": 20,
        "mikulas/gitcommit": 20,
        "nesquick/metrics": 20,
        "kdyby/forms-replicator": 20,
        "nette/tester": 20,
        "fzaninotto/faker": 20,
        "ccampbell/chromephp": 20
    },
    "platform": {
        "php": ">=5.4.0"
    },
    "platform-dev": [

    ]
}
